
Microsoft Visual Studio Solution File, Format Version 12.00
# Visual Studio Version 17
VisualStudioVersion = 17.12.35527.113
MinimumVisualStudioVersion = 10.0.40219.1
Project("{FAE04EC0-301F-11D3-BF4B-00C04F79EFBC}") = "NoteBookKeeper.Api", "NoteBookKeeper.Api\NoteBookKeeper.Api.csproj", "{48C80D5C-585B-437A-9E75-554BE583574E}"
EndProject
Project("{2150E333-8FDC-42A3-9474-1A3956D46DE8}") = "Solution Items", "Solution Items", "{4C4F0172-EFD1-4FF7-B9C0-C3F77B998A44}"
	ProjectSection(SolutionItems) = preProject
		docker-compose.yml = docker-compose.yml
	EndProjectSection
EndProject
Project("{FAE04EC0-301F-11D3-BF4B-00C04F79EFBC}") = "NoteBookKeeper.Api.Tests", "NoteBookKeeper.Api.Tests\NoteBookKeeper.Api.Tests.csproj", "{BE03D818-7B6E-442B-AE20-1E341D342D1A}"
EndProject
Global
	GlobalSection(SolutionConfigurationPlatforms) = preSolution
		Debug|Any CPU = Debug|Any CPU
		Debug|x64 = Debug|x64
		Debug|x86 = Debug|x86
		Release|Any CPU = Release|Any CPU
		Release|x64 = Release|x64
		Release|x86 = Release|x86
	EndGlobalSection
	GlobalSection(ProjectConfigurationPlatforms) = postSolution
		{48C80D5C-585B-437A-9E75-554BE583574E}.Debug|Any CPU.ActiveCfg = Debug|Any CPU
		{48C80D5C-585B-437A-9E75-554BE583574E}.Debug|Any CPU.Build.0 = Debug|Any CPU
		{48C80D5C-585B-437A-9E75-554BE583574E}.Debug|x64.ActiveCfg = Debug|Any CPU
		{48C80D5C-585B-437A-9E75-554BE583574E}.Debug|x64.Build.0 = Debug|Any CPU
		{48C80D5C-585B-437A-9E75-554BE583574E}.Debug|x86.ActiveCfg = Debug|Any CPU
		{48C80D5C-585B-437A-9E75-554BE583574E}.Debug|x86.Build.0 = Debug|Any CPU
		{48C80D5C-585B-437A-9E75-554BE583574E}.Release|Any CPU.ActiveCfg = Release|Any CPU
		{48C80D5C-585B-437A-9E75-554BE583574E}.Release|Any CPU.Build.0 = Release|Any CPU
		{48C80D5C-585B-437A-9E75-554BE583574E}.Release|x64.ActiveCfg = Release|Any CPU
		{48C80D5C-585B-437A-9E75-554BE583574E}.Release|x64.Build.0 = Release|Any CPU
		{48C80D5C-585B-437A-9E75-554BE583574E}.Release|x86.ActiveCfg = Release|Any CPU
		{48C80D5C-585B-437A-9E75-554BE583574E}.Release|x86.Build.0 = Release|Any CPU
		{BE03D818-7B6E-442B-AE20-1E341D342D1A}.Debug|Any CPU.ActiveCfg = Debug|Any CPU
		{BE03D818-7B6E-442B-AE20-1E341D342D1A}.Debug|Any CPU.Build.0 = Debug|Any CPU
		{BE03D818-7B6E-442B-AE20-1E341D342D1A}.Debug|x64.ActiveCfg = Debug|Any CPU
		{BE03D818-7B6E-442B-AE20-1E341D342D1A}.Debug|x64.Build.0 = Debug|Any CPU
		{BE03D818-7B6E-442B-AE20-1E341D342D1A}.Debug|x86.ActiveCfg = Debug|Any CPU
		{BE03D818-7B6E-442B-AE20-1E341D342D1A}.Debug|x86.Build.0 = Debug|Any CPU
		{BE03D818-7B6E-442B-AE20-1E341D342D1A}.Release|Any CPU.ActiveCfg = Release|Any CPU
		{BE03D818-7B6E-442B-AE20-1E341D342D1A}.Release|Any CPU.Build.0 = Release|Any CPU
		{BE03D818-7B6E-442B-AE20-1E341D342D1A}.Release|x64.ActiveCfg = Release|Any CPU
		{BE03D818-7B6E-442B-AE20-1E341D342D1A}.Release|x64.Build.0 = Release|Any CPU
		{BE03D818-7B6E-442B-AE20-1E341D342D1A}.Release|x86.ActiveCfg = Release|Any CPU
		{BE03D818-7B6E-442B-AE20-1E341D342D1A}.Release|x86.Build.0 = Release|Any CPU
	EndGlobalSection
	GlobalSection(SolutionProperties) = preSolution
		HideSolutionNode = FALSE
	EndGlobalSection
EndGlobal
